
Microsoft Visual Studio Solution File, Format Version 12.00
# Visual Studio Version 16
VisualStudioVersion = 16.0.31729.503
MinimumVisualStudioVersion = 10.0.40219.1
Project("{FAE04EC0-301F-11D3-BF4B-00C04F79EFBC}") = "Web2App", "Web2App\Web2App.csproj", "{249C0270-5484-4217-AB86-5AFB9947574F}"
EndProject
Global
	GlobalSection(SolutionConfigurationPlatforms) = preSolution
		Debug|Any CPU = Debug|Any CPU
		Release|Any CPU = Release|Any CPU
	EndGlobalSection
	GlobalSection(ProjectConfigurationPlatforms) = postSolution
		{249C0270-5484-4217-AB86-5AFB9947574F}.Debug|Any CPU.ActiveCfg = Debug|Any CPU
		{249C0270-5484-4217-AB86-5AFB9947574F}.Debug|Any CPU.Build.0 = Debug|Any CPU
		{249C0270-5484-4217-AB86-5AFB9947574F}.Release|Any CPU.ActiveCfg = Release|Any CPU
		{249C0270-5484-4217-AB86-5AFB9947574F}.Release|Any CPU.Build.0 = Release|Any CPU
	EndGlobalSection
	GlobalSection(SolutionProperties) = preSolution
		HideSolutionNode = FALSE
	EndGlobalSection
	GlobalSection(ExtensibilityGlobals) = postSolution
		SolutionGuid = {8B443CCD-74E9-4728-A2FE-3205AEFF416B}
	EndGlobalSection
EndGlobal
